
Microsoft Visual Studio Solution File, Format Version 12.00
# Visual Studio Version 17
VisualStudioVersion = 17.0.31903.59
MinimumVisualStudioVersion = 10.0.40219.1
Project("{FAE04EC0-301F-11D3-BF4B-00C04F79EFBC}") = "Movie.Application", "Movie.Application\Movie.Application.csproj", "{48C219B3-3DE3-4BA9-807B-5ED9639D8227}"
EndProject
Project("{FAE04EC0-301F-11D3-BF4B-00C04F79EFBC}") = "Movie.Web", "Movie.Web\Movie.Web.csproj", "{7FB5B265-6FB1-4B9A-9666-3A00E616A417}"
EndProject
Global
	GlobalSection(SolutionConfigurationPlatforms) = preSolution
		Debug|Any CPU = Debug|Any CPU
		Release|Any CPU = Release|Any CPU
	EndGlobalSection
	GlobalSection(ProjectConfigurationPlatforms) = postSolution
		{48C219B3-3DE3-4BA9-807B-5ED9639D8227}.Debug|Any CPU.ActiveCfg = Debug|Any CPU
		{48C219B3-3DE3-4BA9-807B-5ED9639D8227}.Debug|Any CPU.Build.0 = Debug|Any CPU
		{48C219B3-3DE3-4BA9-807B-5ED9639D8227}.Release|Any CPU.ActiveCfg = Release|Any CPU
		{48C219B3-3DE3-4BA9-807B-5ED9639D8227}.Release|Any CPU.Build.0 = Release|Any CPU
		{7FB5B265-6FB1-4B9A-9666-3A00E616A417}.Debug|Any CPU.ActiveCfg = Debug|Any CPU
		{7FB5B265-6FB1-4B9A-9666-3A00E616A417}.Debug|Any CPU.Build.0 = Debug|Any CPU
		{7FB5B265-6FB1-4B9A-9666-3A00E616A417}.Release|Any CPU.ActiveCfg = Release|Any CPU
		{7FB5B265-6FB1-4B9A-9666-3A00E616A417}.Release|Any CPU.Build.0 = Release|Any CPU
	EndGlobalSection
	GlobalSection(SolutionProperties) = preSolution
		HideSolutionNode = FALSE
	EndGlobalSection
	GlobalSection(ExtensibilityGlobals) = postSolution
		SolutionGuid = {C4941E91-F0BC-4DBF-8AC1-0FFA2FA51941}
	EndGlobalSection
EndGlobal
